
Microsoft Visual Studio Solution File, Format Version 12.00
Project("{FAE04EC0-301F-11D3-BF4B-00C04F79EFBC}") = "sem9", "sem9\sem9.csproj", "{6C65ADDC-92BF-4F03-BBE5-94DD929E3B6A}"
EndProject
Global
	GlobalSection(SolutionConfigurationPlatforms) = preSolution
		Debug|Any CPU = Debug|Any CPU
		Release|Any CPU = Release|Any CPU
	EndGlobalSection
	GlobalSection(ProjectConfigurationPlatforms) = postSolution
		{6C65ADDC-92BF-4F03-BBE5-94DD929E3B6A}.Debug|Any CPU.ActiveCfg = Debug|Any CPU
		{6C65ADDC-92BF-4F03-BBE5-94DD929E3B6A}.Debug|Any CPU.Build.0 = Debug|Any CPU
		{6C65ADDC-92BF-4F03-BBE5-94DD929E3B6A}.Release|Any CPU.ActiveCfg = Release|Any CPU
		{6C65ADDC-92BF-4F03-BBE5-94DD929E3B6A}.Release|Any CPU.Build.0 = Release|Any CPU
	EndGlobalSection
EndGlobal
